
Microsoft Visual Studio Solution File, Format Version 12.00
# Visual Studio Version 17
VisualStudioVersion = 17.10.35004.147
MinimumVisualStudioVersion = 10.0.40219.1
Project("{9A19103F-16F7-4668-BE54-9A1E7A4F7556}") = "MessageBroker.Web.UI", "MessageBroker.Web.UI.csproj", "{416C1AAB-0AA0-49AD-A2F6-2718DACED6B3}"
EndProject
Global
	GlobalSection(SolutionConfigurationPlatforms) = preSolution
		Debug|Any CPU = Debug|Any CPU
		Release|Any CPU = Release|Any CPU
	EndGlobalSection
	GlobalSection(ProjectConfigurationPlatforms) = postSolution
		{416C1AAB-0AA0-49AD-A2F6-2718DACED6B3}.Debug|Any CPU.ActiveCfg = Debug|Any CPU
		{416C1AAB-0AA0-49AD-A2F6-2718DACED6B3}.Debug|Any CPU.Build.0 = Debug|Any CPU
		{416C1AAB-0AA0-49AD-A2F6-2718DACED6B3}.Release|Any CPU.ActiveCfg = Release|Any CPU
		{416C1AAB-0AA0-49AD-A2F6-2718DACED6B3}.Release|Any CPU.Build.0 = Release|Any CPU
	EndGlobalSection
	GlobalSection(SolutionProperties) = preSolution
		HideSolutionNode = FALSE
	EndGlobalSection
	GlobalSection(ExtensibilityGlobals) = postSolution
		SolutionGuid = {C917611E-4559-40DA-9134-1A474D9D8742}
	EndGlobalSection
EndGlobal
